
Microsoft Visual Studio Solution File, Format Version 12.00
# Visual Studio Version 16
VisualStudioVersion = 16.0.31205.134
MinimumVisualStudioVersion = 10.0.40219.1
Project("{FAE04EC0-301F-11D3-BF4B-00C04F79EFBC}") = "ZManagerResources", "ZManagerResources\ZManagerResources.csproj", "{42F83727-8069-4C15-A938-A20A9236235B}"
EndProject
Global
	GlobalSection(SolutionConfigurationPlatforms) = preSolution
		Debug|Any CPU = Debug|Any CPU
		Release|Any CPU = Release|Any CPU
	EndGlobalSection
	GlobalSection(ProjectConfigurationPlatforms) = postSolution
		{42F83727-8069-4C15-A938-A20A9236235B}.Debug|Any CPU.ActiveCfg = Debug|Any CPU
		{42F83727-8069-4C15-A938-A20A9236235B}.Debug|Any CPU.Build.0 = Debug|Any CPU
		{42F83727-8069-4C15-A938-A20A9236235B}.Release|Any CPU.ActiveCfg = Release|Any CPU
		{42F83727-8069-4C15-A938-A20A9236235B}.Release|Any CPU.Build.0 = Release|Any CPU
	EndGlobalSection
	GlobalSection(SolutionProperties) = preSolution
		HideSolutionNode = FALSE
	EndGlobalSection
	GlobalSection(ExtensibilityGlobals) = postSolution
		SolutionGuid = {EF0A4D3D-AC76-4E11-BC99-4DD9AACD1BDF}
	EndGlobalSection
EndGlobal
